
Microsoft Visual Studio Solution File, Format Version 12.00
# Visual Studio Version 16
VisualStudioVersion = 16.0.28803.352
MinimumVisualStudioVersion = 10.0.40219.1
Project("{FAE04EC0-301F-11D3-BF4B-00C04F79EFBC}") = "todoitems", "todoitems\todoitems.csproj", "{760CF223-2184-4F76-8B29-75E970C3CE83}"
EndProject
Global
	GlobalSection(SolutionConfigurationPlatforms) = preSolution
		Debug|Any CPU = Debug|Any CPU
		Release|Any CPU = Release|Any CPU
	EndGlobalSection
	GlobalSection(ProjectConfigurationPlatforms) = postSolution
		{760CF223-2184-4F76-8B29-75E970C3CE83}.Debug|Any CPU.ActiveCfg = Debug|Any CPU
		{760CF223-2184-4F76-8B29-75E970C3CE83}.Debug|Any CPU.Build.0 = Debug|Any CPU
		{760CF223-2184-4F76-8B29-75E970C3CE83}.Release|Any CPU.ActiveCfg = Release|Any CPU
		{760CF223-2184-4F76-8B29-75E970C3CE83}.Release|Any CPU.Build.0 = Release|Any CPU
	EndGlobalSection
	GlobalSection(SolutionProperties) = preSolution
		HideSolutionNode = FALSE
	EndGlobalSection
	GlobalSection(ExtensibilityGlobals) = postSolution
		SolutionGuid = {5B935CB3-4D3E-47DE-8E9D-E8BCEA38B27D}
	EndGlobalSection
EndGlobal
